
Microsoft Visual Studio Solution File, Format Version 12.00
# Visual Studio Version 16
VisualStudioVersion = 16.0.808.0
MinimumVisualStudioVersion = 10.0.40219.1
Project("{FAE04EC0-301F-11D3-BF4B-00C04F79EFBC}") = "CSharpFundamentals", "CSharpFundamentals\CSharpFundamentals.csproj", "{AFE653BA-1F2E-4FA0-8387-63C65730635A}"
EndProject
Global
	GlobalSection(SolutionConfigurationPlatforms) = preSolution
		Debug|Any CPU = Debug|Any CPU
		Release|Any CPU = Release|Any CPU
	EndGlobalSection
	GlobalSection(ProjectConfigurationPlatforms) = postSolution
		{AFE653BA-1F2E-4FA0-8387-63C65730635A}.Debug|Any CPU.ActiveCfg = Debug|Any CPU
		{AFE653BA-1F2E-4FA0-8387-63C65730635A}.Debug|Any CPU.Build.0 = Debug|Any CPU
		{AFE653BA-1F2E-4FA0-8387-63C65730635A}.Release|Any CPU.ActiveCfg = Release|Any CPU
		{AFE653BA-1F2E-4FA0-8387-63C65730635A}.Release|Any CPU.Build.0 = Release|Any CPU
	EndGlobalSection
	GlobalSection(SolutionProperties) = preSolution
		HideSolutionNode = FALSE
	EndGlobalSection
	GlobalSection(ExtensibilityGlobals) = postSolution
		SolutionGuid = {DD9564E2-A962-4865-A1A9-720ADEF7F848}
	EndGlobalSection
EndGlobal
